# This file is automatically @generated by Cargo.
# It is not intended for manual editing.
version = 4

[[package]]
name = "ahash"
version = "0.7.8"
source = "registry+https://github.com/rust-lang/crates.io-index"
checksum = "891477e0c6a8957309ee5c45a6368af3ae14bb510732d2684ffa19af310920f9"
dependencies = [
 "getrandom",
 "once_cell",
 "version_check",
]

[[package]]
name = "ahash"
version = "0.8.11"
source = "registry+https://github.com/rust-lang/crates.io-index"
checksum = "e89da841a80418a9b391ebaea17f5c112ffaaa96f621d2c285b5174da76b9011"
dependencies = [
 "cfg-if",
 "getrandom",
 "once_cell",
 "version_check",
 "zerocopy",
]

[[package]]
name = "aho-corasick"
version = "1.1.3"
source = "registry+https://github.com/rust-lang/crates.io-index"
checksum = "8e60d3430d3a69478ad0993f19238d2df97c507009a52b3c10addcd7f6bcb916"
dependencies = [
 "memchr",
]

[[package]]
name = "allocator-api2"
version = "0.2.21"
source = "registry+https://github.com/rust-lang/crates.io-index"
checksum = "683d7910e743518b0e34f1186f92494becacb047c7b6bf616c96772180fef923"

[[package]]
name = "autocfg"
version = "1.4.0"
source = "registry+https://github.com/rust-lang/crates.io-index"
checksum = "ace50bade8e6234aa140d9a2f552bbee1db4d353f69b8217bc503490fc1a9f26"

[[package]]
name = "base64-simd"
version = "0.7.0"
source = "registry+https://github.com/rust-lang/crates.io-index"
checksum = "781dd20c3aff0bd194fe7d2a977dd92f21c173891f3a03b677359e5fa457e5d5"
dependencies = [
 "simd-abstraction",
]

[[package]]
name = "base64-simd"
version = "0.8.0"
source = "registry+https://github.com/rust-lang/crates.io-index"
checksum = "339abbe78e73178762e23bea9dfd08e697eb3f3301cd4be981c0f78ba5859195"
dependencies = [
 "outref 0.5.2",
 "vsimd",
]

[[package]]
name = "bitflags"
version = "2.9.0"
source = "registry+https://github.com/rust-lang/crates.io-index"
checksum = "5c8214115b7bf84099f1309324e63141d4c5d7cc26862f97a0a857dbefe165bd"

[[package]]
name = "bitvec"
version = "1.0.1"
source = "registry+https://github.com/rust-lang/crates.io-index"
checksum = "1bc2832c24239b0141d5674bb9174f9d68a8b5b3f2753311927c172ca46f7e9c"
dependencies = [
 "funty",
 "radium",
 "tap",
 "wyz",
]

[[package]]
name = "bumpalo"
version = "3.17.0"
source = "registry+https://github.com/rust-lang/crates.io-index"
checksum = "1628fb46dfa0b37568d12e5edd512553eccf6a22a78e8bde00bb4aed84d5bdbf"
dependencies = [
 "allocator-api2",
]

[[package]]
name = "bytecheck"
version = "0.6.12"
source = "registry+https://github.com/rust-lang/crates.io-index"
checksum = "23cdc57ce23ac53c931e88a43d06d070a6fd142f2617be5855eb75efc9beb1c2"
dependencies = [
 "bytecheck_derive",
 "ptr_meta",
 "simdutf8",
]

[[package]]
name = "bytecheck_derive"
version = "0.6.12"
source = "registry+https://github.com/rust-lang/crates.io-index"
checksum = "3db406d29fbcd95542e92559bed4d8ad92636d1ca8b3b72ede10b4bcc010e659"
dependencies = [
 "proc-macro2",
 "quote",
 "syn 1.0.109",
]

[[package]]
name = "bytes"
version = "1.10.1"
source = "registry+https://github.com/rust-lang/crates.io-index"
checksum = "d71b6127be86fdcfddb610f7182ac57211d4b18a3e9c82eb2d17662f2227ad6a"

[[package]]
name = "castaway"
version = "0.2.3"
source = "registry+https://github.com/rust-lang/crates.io-index"
checksum = "0abae9be0aaf9ea96a3b1b8b1b55c602ca751eba1b1500220cea4ecbafe7c0d5"
dependencies = [
 "rustversion",
]

[[package]]
name = "cfg-if"
version = "1.0.0"
source = "registry+https://github.com/rust-lang/crates.io-index"
checksum = "baf1de4339761588bc0619e3cbc0120ee582ebb74b53b4efbf79117bd2da40fd"

[[package]]
name = "compact_str"
version = "0.9.0"
source = "registry+https://github.com/rust-lang/crates.io-index"
checksum = "3fdb1325a1cece981e8a296ab8f0f9b63ae357bd0784a9faaf548cc7b480707a"
dependencies = [
 "castaway",
 "cfg-if",
 "itoa",
 "rustversion",
 "ryu",
 "static_assertions",
]

[[package]]
name = "const-str"
version = "0.3.2"
source = "registry+https://github.com/rust-lang/crates.io-index"
checksum = "21077772762a1002bb421c3af42ac1725fa56066bfc53d9a55bb79905df2aaf3"
dependencies = [
 "const-str-proc-macro",
]

[[package]]
name = "const-str-proc-macro"
version = "0.3.2"
source = "registry+https://github.com/rust-lang/crates.io-index"
checksum = "5e1e0fdd2e5d3041e530e1b21158aeeef8b5d0e306bc5c1e3d6cf0930d10e25a"
dependencies = [
 "proc-macro2",
 "quote",
 "syn 1.0.109",
]

[[package]]
name = "convert_case"
version = "0.6.0"
source = "registry+https://github.com/rust-lang/crates.io-index"
checksum = "ec182b0ca2f35d8fc196cf3404988fd8b8c739a4d270ff118a398feb0cbec1ca"
dependencies = [
 "unicode-segmentation",
]

[[package]]
name = "cow-utils"
version = "0.1.3"
source = "registry+https://github.com/rust-lang/crates.io-index"
checksum = "417bef24afe1460300965a25ff4a24b8b45ad011948302ec221e8a0a81eb2c79"

[[package]]
name = "crossbeam-deque"
version = "0.8.6"
source = "registry+https://github.com/rust-lang/crates.io-index"
checksum = "9dd111b7b7f7d55b72c0a6ae361660ee5853c9af73f70c3c2ef6858b950e2e51"
dependencies = [
 "crossbeam-epoch",
 "crossbeam-utils",
]

[[package]]
name = "crossbeam-epoch"
version = "0.9.18"
source = "registry+https://github.com/rust-lang/crates.io-index"
checksum = "5b82ac4a3c2ca9c3460964f020e1402edd5753411d7737aa39c3714ad1b5420e"
dependencies = [
 "crossbeam-utils",
]

[[package]]
name = "crossbeam-utils"
version = "0.8.21"
source = "registry+https://github.com/rust-lang/crates.io-index"
checksum = "d0a5c400df2834b80a4c3327b3aad3a4c4cd4de0629063962b03235697506a28"

[[package]]
name = "cssparser"
version = "0.33.0"
source = "registry+https://github.com/rust-lang/crates.io-index"
checksum = "9be934d936a0fbed5bcdc01042b770de1398bf79d0e192f49fa7faea0e99281e"
dependencies = [
 "cssparser-macros",
 "dtoa-short",
 "itoa",
 "phf",
 "smallvec",
]

[[package]]
name = "cssparser-color"
version = "0.1.0"
source = "registry+https://github.com/rust-lang/crates.io-index"
checksum = "556c099a61d85989d7af52b692e35a8d68a57e7df8c6d07563dc0778b3960c9f"
dependencies = [
 "cssparser",
]

[[package]]
name = "cssparser-macros"
version = "0.6.1"
source = "registry+https://github.com/rust-lang/crates.io-index"
checksum = "13b588ba4ac1a99f7f2964d24b3d896ddc6bf847ee3855dbd4366f058cfcd331"
dependencies = [
 "quote",
 "syn 2.0.100",
]

[[package]]
name = "dashmap"
version = "5.5.3"
source = "registry+https://github.com/rust-lang/crates.io-index"
checksum = "978747c1d849a7d2ee5e8adc0159961c48fb7e5db2f06af6723b80123bb53856"
dependencies = [
 "cfg-if",
 "hashbrown 0.14.5",
 "lock_api",
 "once_cell",
 "parking_lot_core",
]

[[package]]
name = "data-encoding"
version = "2.8.0"
source = "registry+https://github.com/rust-lang/crates.io-index"
checksum = "575f75dfd25738df5b91b8e43e14d44bda14637a58fae779fd2b064f8bf3e010"

[[package]]
name = "data-url"
version = "0.1.1"
source = "registry+https://github.com/rust-lang/crates.io-index"
checksum = "3a30bfce702bcfa94e906ef82421f2c0e61c076ad76030c16ee5d2e9a32fe193"
dependencies = [
 "matches",
]

[[package]]
name = "dtoa"
version = "1.0.10"
source = "registry+https://github.com/rust-lang/crates.io-index"
checksum = "d6add3b8cff394282be81f3fc1a0605db594ed69890078ca6e2cab1c408bcf04"

[[package]]
name = "dtoa-short"
version = "0.3.5"
source = "registry+https://github.com/rust-lang/crates.io-index"
checksum = "cd1511a7b6a56299bd043a9c167a6d2bfb37bf84a6dfceaba651168adfb43c87"
dependencies = [
 "dtoa",
]

[[package]]
name = "either"
version = "1.15.0"
source = "registry+https://github.com/rust-lang/crates.io-index"
checksum = "48c757948c5ede0e46177b7add2e67155f70e33c07fea8284df6576da70b3719"

[[package]]
name = "equivalent"
version = "1.0.2"
source = "registry+https://github.com/rust-lang/crates.io-index"
checksum = "877a4ace8713b0bcf2a4e7eec82529c029f1d0619886d18145fea96c3ffe5c0f"

[[package]]
name = "fixedbitset"
version = "0.5.7"
source = "registry+https://github.com/rust-lang/crates.io-index"
checksum = "1d674e81391d1e1ab681a28d99df07927c6d4aa5b027d7da16ba32d1d21ecd99"

[[package]]
name = "foldhash"
version = "0.1.5"
source = "registry+https://github.com/rust-lang/crates.io-index"
checksum = "d9c4f5dac5e15c24eb999c26181a6ca40b39fe946cbe4c263c7209467bc83af2"

[[package]]
name = "funty"
version = "2.0.0"
source = "registry+https://github.com/rust-lang/crates.io-index"
checksum = "e6d5a32815ae3f33302d95fdcb2ce17862f8c65363dcfd29360480ba1001fc9c"

[[package]]
name = "getrandom"
version = "0.2.15"
source = "registry+https://github.com/rust-lang/crates.io-index"
checksum = "c4567c8db10ae91089c99af84c68c38da3ec2f087c3f82960bcdbf3656b6f4d7"
dependencies = [
 "cfg-if",
 "libc",
 "wasi",
]

[[package]]
name = "hashbrown"
version = "0.12.3"
source = "registry+https://github.com/rust-lang/crates.io-index"
checksum = "8a9ee70c43aaf417c914396645a0fa852624801b24ebb7ae78fe8272889ac888"
dependencies = [
 "ahash 0.7.8",
]

[[package]]
name = "hashbrown"
version = "0.14.5"
source = "registry+https://github.com/rust-lang/crates.io-index"
checksum = "e5274423e17b7c9fc20b6e7e208532f9b19825d82dfd615708b70edd83df41f1"

[[package]]
name = "hashbrown"
version = "0.15.3"
source = "registry+https://github.com/rust-lang/crates.io-index"
checksum = "84b26c544d002229e640969970a2e74021aadf6e2f96372b9c58eff97de08eb3"
dependencies = [
 "allocator-api2",
 "equivalent",
 "foldhash",
]

[[package]]
name = "indexmap"
version = "2.8.0"
source = "registry+https://github.com/rust-lang/crates.io-index"
checksum = "3954d50fe15b02142bf25d3b8bdadb634ec3948f103d04ffe3031bc8fe9d7058"
dependencies = [
 "equivalent",
 "hashbrown 0.15.3",
 "serde",
]

[[package]]
name = "itertools"
version = "0.10.5"
source = "registry+https://github.com/rust-lang/crates.io-index"
checksum = "b0fd2260e829bddf4cb6ea802289de2f86d6a7a690192fbe91b3f46e0f2c8473"
dependencies = [
 "either",
]

[[package]]
name = "itertools"
version = "0.14.0"
source = "registry+https://github.com/rust-lang/crates.io-index"
checksum = "2b192c782037fadd9cfa75548310488aabdbf3d2da73885b31bd0abd03351285"
dependencies = [
 "either",
]

[[package]]
name = "itoa"
version = "1.0.15"
source = "registry+https://github.com/rust-lang/crates.io-index"
checksum = "4a5f13b858c8d314ee3e8f639011f7ccefe71f97f96e50151fb991f267928e2c"

[[package]]
name = "lazy_static"
version = "1.5.0"
source = "registry+https://github.com/rust-lang/crates.io-index"
checksum = "bbd2bcb4c963f2ddae06a2efc7e9f3591312473c50c6685e1f298068316e66fe"

[[package]]
name = "libc"
version = "0.2.171"
source = "registry+https://github.com/rust-lang/crates.io-index"
checksum = "c19937216e9d3aa9956d9bb8dfc0b0c8beb6058fc4f7a4dc4d850edf86a237d6"

[[package]]
name = "lightningcss"
version = "1.0.0-alpha.66"
source = "registry+https://github.com/rust-lang/crates.io-index"
checksum = "9a73ffa17de66534e4b527232f44aa0a89fad22c4f4e0735f9be35494f058e54"
dependencies = [
 "ahash 0.8.11",
 "bitflags",
 "const-str",
 "cssparser",
 "cssparser-color",
 "dashmap",
 "data-encoding",
 "getrandom",
 "indexmap",
 "itertools 0.10.5",
 "lazy_static",
 "lightningcss-derive",
 "parcel_selectors",
 "parcel_sourcemap",
 "paste",
 "pathdiff",
 "rayon",
 "serde",
 "smallvec",
]

[[package]]
name = "lightningcss-derive"
version = "1.0.0-alpha.43"
source = "registry+https://github.com/rust-lang/crates.io-index"
checksum = "84c12744d1279367caed41739ef094c325d53fb0ffcd4f9b84a368796f870252"
dependencies = [
 "convert_case",
 "proc-macro2",
 "quote",
 "syn 1.0.109",
]

[[package]]
name = "lock_api"
version = "0.4.12"
source = "registry+https://github.com/rust-lang/crates.io-index"
checksum = "07af8b9cdd281b7915f413fa73f29ebd5d55d0d3f0155584dade1ff18cea1b17"
dependencies = [
 "autocfg",
 "scopeguard",
]

[[package]]
name = "log"
version = "0.4.27"
source = "registry+https://github.com/rust-lang/crates.io-index"
checksum = "13dc2df351e3202783a1fe0d44375f7295ffb4049267b0f3018346dc122a1d94"

[[package]]
name = "matches"
version = "0.1.10"
source = "registry+https://github.com/rust-lang/crates.io-index"
checksum = "2532096657941c2fea9c289d370a250971c689d4f143798ff67113ec042024a5"

[[package]]
name = "memchr"
version = "2.7.4"
source = "registry+https://github.com/rust-lang/crates.io-index"
checksum = "78ca9ab1a0babb1e7d5695e3530886289c18cf2f87ec19a575a0abdce112e3a3"

[[package]]
name = "nonmax"
version = "0.5.5"
source = "registry+https://github.com/rust-lang/crates.io-index"
checksum = "610a5acd306ec67f907abe5567859a3c693fb9886eb1f012ab8f2a47bef3db51"

[[package]]
name = "num-bigint"
version = "0.4.6"
source = "registry+https://github.com/rust-lang/crates.io-index"
checksum = "a5e44f723f1133c9deac646763579fdb3ac745e418f2a7af9cd0c431da1f20b9"
dependencies = [
 "num-integer",
 "num-traits",
]

[[package]]
name = "num-integer"
version = "0.1.46"
source = "registry+https://github.com/rust-lang/crates.io-index"
checksum = "7969661fd2958a5cb096e56c8e1ad0444ac2bbcd0061bd28660485a44879858f"
dependencies = [
 "num-traits",
]

[[package]]
name = "num-traits"
version = "0.2.19"
source = "registry+https://github.com/rust-lang/crates.io-index"
checksum = "071dfc062690e90b734c0b2273ce72ad0ffa95f0c74596bc250dcfd960262841"
dependencies = [
 "autocfg",
]

[[package]]
name = "once_cell"
version = "1.21.3"
source = "registry+https://github.com/rust-lang/crates.io-index"
checksum = "42f5e15c9953c5e4ccceeb2e7382a716482c34515315f7b03532b8b4e8393d2d"

[[package]]
name = "outref"
version = "0.1.0"
source = "registry+https://github.com/rust-lang/crates.io-index"
checksum = "7f222829ae9293e33a9f5e9f440c6760a3d450a64affe1846486b140db81c1f4"

[[package]]
name = "outref"
version = "0.5.2"
source = "registry+https://github.com/rust-lang/crates.io-index"
checksum = "1a80800c0488c3a21695ea981a54918fbb37abf04f4d0720c453632255e2ff0e"

[[package]]
name = "owo-colors"
version = "4.2.0"
source = "registry+https://github.com/rust-lang/crates.io-index"
checksum = "1036865bb9422d3300cf723f657c2851d0e9ab12567854b1f4eba3d77decf564"

[[package]]
name = "oxc-miette"
version = "2.2.1"
source = "registry+https://github.com/rust-lang/crates.io-index"
checksum = "b8c278d00ecc50ee84aba4768a7ab74eb325dff4dca8c0581495b850d53480ba"
dependencies = [
 "cfg-if",
 "owo-colors",
 "oxc-miette-derive",
 "textwrap",
 "thiserror",
 "unicode-width",
]

[[package]]
name = "oxc-miette-derive"
version = "2.1.2"
source = "registry+https://github.com/rust-lang/crates.io-index"
checksum = "4c0c893f53900e3fe01eca3d6d3b54085573c3e48fe25af9d57dd94ef600dcd3"
dependencies = [
 "proc-macro2",
 "quote",
 "syn 2.0.100",
]

[[package]]
name = "oxc_allocator"
version = "0.72.0"
source = "registry+https://github.com/rust-lang/crates.io-index"
checksum = "0769ed37977fc61b76ee89fe955b184db62b07e62609388ad6e6a1eb046837e3"
dependencies = [
 "allocator-api2",
 "bumpalo",
 "hashbrown 0.15.3",
 "oxc_data_structures",
 "rustc-hash",
]

[[package]]
name = "oxc_ast"
version = "0.72.0"
source = "registry+https://github.com/rust-lang/crates.io-index"
checksum = "17c6c770d1e86a9c4710d9c7974bf79e573b48efa3a764698477c11035c65738"
dependencies = [
 "bitflags",
 "cow-utils",
 "oxc_allocator",
 "oxc_ast_macros",
 "oxc_data_structures",
 "oxc_estree",
 "oxc_regular_expression",
 "oxc_span",
 "oxc_syntax",
]

[[package]]
name = "oxc_ast_macros"
version = "0.72.0"
source = "registry+https://github.com/rust-lang/crates.io-index"
checksum = "9c08ec3f117c0370106cf39b274090ae7f0b2be48b6bcae794bdc92fd1d34f22"
dependencies = [
 "phf",
 "proc-macro2",
 "quote",
 "syn 2.0.100",
]

[[package]]
name = "oxc_ast_visit"
version = "0.72.0"
source = "registry+https://github.com/rust-lang/crates.io-index"
checksum = "3b6fc584d5c7e5bd8394208a01d2d33025afcc8abceaed85455d642ee11db998"
dependencies = [
 "oxc_allocator",
 "oxc_ast",
 "oxc_span",
 "oxc_syntax",
]

[[package]]
name = "oxc_cfg"
version = "0.72.0"
source = "registry+https://github.com/rust-lang/crates.io-index"
checksum = "35a48bb41100a00b9a647c9aacd7fe6412d03a1c623a8285a9e514c2fa49e447"
dependencies = [
 "bitflags",
 "itertools 0.14.0",
 "nonmax",
 "oxc_index",
 "oxc_syntax",
 "petgraph",
 "rustc-hash",
]

[[package]]
name = "oxc_codegen"
version = "0.72.0"
source = "registry+https://github.com/rust-lang/crates.io-index"
checksum = "cf726a55fd107703b21b728c044a2e64c71242d35514c4e7e1c4c7dffca98220"
dependencies = [
 "bitflags",
 "cow-utils",
 "nonmax",
 "oxc_allocator",
 "oxc_ast",
 "oxc_data_structures",
 "oxc_index",
 "oxc_semantic",
 "oxc_sourcemap",
 "oxc_span",
 "oxc_syntax",
 "rustc-hash",
 "ryu-js",
]

[[package]]
name = "oxc_data_structures"
version = "0.72.0"
source = "registry+https://github.com/rust-lang/crates.io-index"
checksum = "374638f55291a87994e37c715c9a312be3e29dfac5dd5a655847a3d4f98d2b63"
dependencies = [
 "rustversion",
]

[[package]]
name = "oxc_diagnostics"
version = "0.72.0"
source = "registry+https://github.com/rust-lang/crates.io-index"
checksum = "c4f29efa3f609ea53f193b1ffc19f548a6ac5464f27ad20a27982d623fc5784a"
dependencies = [
 "cow-utils",
 "oxc-miette",
]

[[package]]
name = "oxc_ecmascript"
version = "0.72.0"
source = "registry+https://github.com/rust-lang/crates.io-index"
checksum = "b0f469ed7c14f5a2d75f39af03517d3d0da071ae2c33c91cd75f547f434b978d"
dependencies = [
 "cow-utils",
 "num-bigint",
 "num-traits",
 "oxc_ast",
 "oxc_span",
 "oxc_syntax",
]

[[package]]
name = "oxc_estree"
version = "0.72.0"
source = "registry+https://github.com/rust-lang/crates.io-index"
checksum = "5bf9a77d3465740411872becbf9fc43d0462ba3adb6f2609334c1b75365dfde3"

[[package]]
name = "oxc_index"
version = "3.0.0"
source = "registry+https://github.com/rust-lang/crates.io-index"
checksum = "2fa07b0cfa997730afed43705766ef27792873fdf5215b1391949fec678d2392"

[[package]]
name = "oxc_mangler"
version = "0.72.0"
source = "registry+https://github.com/rust-lang/crates.io-index"
checksum = "68675862106f3ad0177dce45db81d27f406d0f27ac27541b55a60953ed5358e8"
dependencies = [
 "fixedbitset",
 "itertools 0.14.0",
 "oxc_allocator",
 "oxc_ast",
 "oxc_data_structures",
 "oxc_index",
 "oxc_semantic",
 "oxc_span",
 "rustc-hash",
]

[[package]]
name = "oxc_minifier"
version = "0.72.0"
source = "registry+https://github.com/rust-lang/crates.io-index"
checksum = "aa89cd8c32768a12f50d949d2ad602262f3104ceca5504947850ee6c39aeaadc"
dependencies = [
 "cow-utils",
 "oxc_allocator",
 "oxc_ast",
 "oxc_ast_visit",
 "oxc_codegen",
 "oxc_data_structures",
 "oxc_ecmascript",
 "oxc_mangler",
 "oxc_parser",
 "oxc_semantic",
 "oxc_span",
 "oxc_syntax",
 "oxc_traverse",
 "rustc-hash",
]

[[package]]
name = "oxc_parser"
version = "0.72.0"
source = "registry+https://github.com/rust-lang/crates.io-index"
checksum = "848bc15e9fd22229224593e1468ae4d2cf8d396157b5ba9938daecbbac9a1409"
dependencies = [
 "bitflags",
 "cow-utils",
 "memchr",
 "num-bigint",
 "num-traits",
 "oxc_allocator",
 "oxc_ast",
 "oxc_data_structures",
 "oxc_diagnostics",
 "oxc_ecmascript",
 "oxc_regular_expression",
 "oxc_span",
 "oxc_syntax",
 "rustc-hash",
 "seq-macro",
]

[[package]]
name = "oxc_regular_expression"
version = "0.72.0"
source = "registry+https://github.com/rust-lang/crates.io-index"
checksum = "6ef0bc791b7a19124561c8c285cbb0f25e7cd5e4201b9bfd770b96b5f3bcdf79"
dependencies = [
 "bitflags",
 "oxc_allocator",
 "oxc_ast_macros",
 "oxc_diagnostics",
 "oxc_span",
 "phf",
 "rustc-hash",
 "unicode-id-start",
]

[[package]]
name = "oxc_semantic"
version = "0.72.0"
source = "registry+https://github.com/rust-lang/crates.io-index"
checksum = "e796ba52fa9b3c8dbc8fd3e57f5085f80dde092244098049dfa5732180304ed6"
dependencies = [
 "itertools 0.14.0",
 "oxc_allocator",
 "oxc_ast",
 "oxc_ast_visit",
 "oxc_cfg",
 "oxc_data_structures",
 "oxc_diagnostics",
 "oxc_ecmascript",
 "oxc_index",
 "oxc_span",
 "oxc_syntax",
 "phf",
 "rustc-hash",
 "self_cell",
]

[[package]]
name = "oxc_sourcemap"
version = "3.0.0"
source = "registry+https://github.com/rust-lang/crates.io-index"
checksum = "6665c417b2aa1c426a7b142bcc0d2f47d9fee9e6f88610f054cfa7ce6623001e"
dependencies = [
 "base64-simd 0.8.0",
 "cfg-if",
 "cow-utils",
 "rustc-hash",
 "serde",
 "serde_json",
]

[[package]]
name = "oxc_span"
version = "0.72.0"
source = "registry+https://github.com/rust-lang/crates.io-index"
checksum = "b2c1bcdd7b1695ac01ddcde35bc7b69b72150857d14e696f82f8a38927e7ceb3"
dependencies = [
 "compact_str",
 "oxc-miette",
 "oxc_allocator",
 "oxc_ast_macros",
 "oxc_estree",
]

[[package]]
name = "oxc_syntax"
version = "0.72.0"
source = "registry+https://github.com/rust-lang/crates.io-index"
checksum = "934fcc154f95afb172f84d250fe42833745eb06e83ced8a4e5d6669b9348528f"
dependencies = [
 "bitflags",
 "cow-utils",
 "nonmax",
 "oxc_allocator",
 "oxc_ast_macros",
 "oxc_data_structures",
 "oxc_estree",
 "oxc_index",
 "oxc_span",
 "phf",
 "rustc-hash",
 "ryu-js",
 "unicode-id-start",
]

[[package]]
name = "oxc_traverse"
version = "0.72.0"
source = "registry+https://github.com/rust-lang/crates.io-index"
checksum = "4e394bf07dc65a0f15eee42a5410a6e975def23c498cc7ecd38e19c286866aea"
dependencies = [
 "itoa",
 "oxc_allocator",
 "oxc_ast",
 "oxc_ast_visit",
 "oxc_data_structures",
 "oxc_ecmascript",
 "oxc_semantic",
 "oxc_span",
 "oxc_syntax",
 "rustc-hash",
]

[[package]]
name = "parcel_selectors"
version = "0.28.2"
source = "registry+https://github.com/rust-lang/crates.io-index"
checksum = "54fd03f1ad26cb6b3ec1b7414fa78a3bd639e7dbb421b1a60513c96ce886a196"
dependencies = [
 "bitflags",
 "cssparser",
 "log",
 "phf",
 "phf_codegen",
 "precomputed-hash",
 "rustc-hash",
 "smallvec",
]

[[package]]
name = "parcel_sourcemap"
version = "2.1.1"
source = "registry+https://github.com/rust-lang/crates.io-index"
checksum = "485b74d7218068b2b7c0e3ff12fbc61ae11d57cb5d8224f525bd304c6be05bbb"
dependencies = [
 "base64-simd 0.7.0",
 "data-url",
 "rkyv",
 "serde",
 "serde_json",
 "vlq",
]

[[package]]
name = "parking_lot_core"
version = "0.9.10"
source = "registry+https://github.com/rust-lang/crates.io-index"
checksum = "1e401f977ab385c9e4e3ab30627d6f26d00e2c73eef317493c4ec6d468726cf8"
dependencies = [
 "cfg-if",
 "libc",
 "redox_syscall",
 "smallvec",
 "windows-targets",
]

[[package]]
name = "paste"
version = "1.0.15"
source = "registry+https://github.com/rust-lang/crates.io-index"
checksum = "57c0d7b74b563b49d38dae00a0c37d4d6de9b432382b2892f0574ddcae73fd0a"

[[package]]
name = "pathdiff"
version = "0.2.3"
source = "registry+https://github.com/rust-lang/crates.io-index"
checksum = "df94ce210e5bc13cb6651479fa48d14f601d9858cfe0467f43ae157023b938d3"

[[package]]
name = "petgraph"
version = "0.8.1"
source = "registry+https://github.com/rust-lang/crates.io-index"
checksum = "7a98c6720655620a521dcc722d0ad66cd8afd5d86e34a89ef691c50b7b24de06"
dependencies = [
 "fixedbitset",
 "hashbrown 0.15.3",
 "indexmap",
 "serde",
]

[[package]]
name = "phf"
version = "0.11.3"
source = "registry+https://github.com/rust-lang/crates.io-index"
checksum = "1fd6780a80ae0c52cc120a26a1a42c1ae51b247a253e4e06113d23d2c2edd078"
dependencies = [
 "phf_macros",
 "phf_shared",
]

[[package]]
name = "phf_codegen"
version = "0.11.3"
source = "registry+https://github.com/rust-lang/crates.io-index"
checksum = "aef8048c789fa5e851558d709946d6d79a8ff88c0440c587967f8e94bfb1216a"
dependencies = [
 "phf_generator",
 "phf_shared",
]

[[package]]
name = "phf_generator"
version = "0.11.3"
source = "registry+https://github.com/rust-lang/crates.io-index"
checksum = "3c80231409c20246a13fddb31776fb942c38553c51e871f8cbd687a4cfb5843d"
dependencies = [
 "phf_shared",
 "rand",
]

[[package]]
name = "phf_macros"
version = "0.11.3"
source = "registry+https://github.com/rust-lang/crates.io-index"
checksum = "f84ac04429c13a7ff43785d75ad27569f2951ce0ffd30a3321230db2fc727216"
dependencies = [
 "phf_generator",
 "phf_shared",
 "proc-macro2",
 "quote",
 "syn 2.0.100",
]

[[package]]
name = "phf_shared"
version = "0.11.3"
source = "registry+https://github.com/rust-lang/crates.io-index"
checksum = "67eabc2ef2a60eb7faa00097bd1ffdb5bd28e62bf39990626a582201b7a754e5"
dependencies = [
 "siphasher",
]

[[package]]
name = "precomputed-hash"
version = "0.1.1"
source = "registry+https://github.com/rust-lang/crates.io-index"
checksum = "925383efa346730478fb4838dbe9137d2a47675ad789c546d150a6e1dd4ab31c"

[[package]]
name = "proc-macro2"
version = "1.0.94"
source = "registry+https://github.com/rust-lang/crates.io-index"
checksum = "a31971752e70b8b2686d7e46ec17fb38dad4051d94024c88df49b667caea9c84"
dependencies = [
 "unicode-ident",
]

[[package]]
name = "ptr_meta"
version = "0.1.4"
source = "registry+https://github.com/rust-lang/crates.io-index"
checksum = "0738ccf7ea06b608c10564b31debd4f5bc5e197fc8bfe088f68ae5ce81e7a4f1"
dependencies = [
 "ptr_meta_derive",
]

[[package]]
name = "ptr_meta_derive"
version = "0.1.4"
source = "registry+https://github.com/rust-lang/crates.io-index"
checksum = "16b845dbfca988fa33db069c0e230574d15a3088f147a87b64c7589eb662c9ac"
dependencies = [
 "proc-macro2",
 "quote",
 "syn 1.0.109",
]

[[package]]
name = "quote"
version = "1.0.40"
source = "registry+https://github.com/rust-lang/crates.io-index"
checksum = "1885c039570dc00dcb4ff087a89e185fd56bae234ddc7f056a945bf36467248d"
dependencies = [
 "proc-macro2",
]

[[package]]
name = "radium"
version = "0.7.0"
source = "registry+https://github.com/rust-lang/crates.io-index"
checksum = "dc33ff2d4973d518d823d61aa239014831e521c75da58e3df4840d3f47749d09"

[[package]]
name = "rand"
version = "0.8.5"
source = "registry+https://github.com/rust-lang/crates.io-index"
checksum = "34af8d1a0e25924bc5b7c43c079c942339d8f0a8b57c39049bef581b46327404"
dependencies = [
 "rand_core",
]

[[package]]
name = "rand_core"
version = "0.6.4"
source = "registry+https://github.com/rust-lang/crates.io-index"
checksum = "ec0be4795e2f6a28069bec0b5ff3e2ac9bafc99e6a9a7dc3547996c5c816922c"

[[package]]
name = "rayon"
version = "1.10.0"
source = "registry+https://github.com/rust-lang/crates.io-index"
checksum = "b418a60154510ca1a002a752ca9714984e21e4241e804d32555251faf8b78ffa"
dependencies = [
 "either",
 "rayon-core",
]

[[package]]
name = "rayon-core"
version = "1.12.1"
source = "registry+https://github.com/rust-lang/crates.io-index"
checksum = "1465873a3dfdaa8ae7cb14b4383657caab0b3e8a0aa9ae8e04b044854c8dfce2"
dependencies = [
 "crossbeam-deque",
 "crossbeam-utils",
]

[[package]]
name = "redox_syscall"
version = "0.5.10"
source = "registry+https://github.com/rust-lang/crates.io-index"
checksum = "0b8c0c260b63a8219631167be35e6a988e9554dbd323f8bd08439c8ed1302bd1"
dependencies = [
 "bitflags",
]

[[package]]
name = "rend"
version = "0.4.2"
source = "registry+https://github.com/rust-lang/crates.io-index"
checksum = "71fe3824f5629716b1589be05dacd749f6aa084c87e00e016714a8cdfccc997c"
dependencies = [
 "bytecheck",
]

[[package]]
name = "rkyv"
version = "0.7.45"
source = "registry+https://github.com/rust-lang/crates.io-index"
checksum = "9008cd6385b9e161d8229e1f6549dd23c3d022f132a2ea37ac3a10ac4935779b"
dependencies = [
 "bitvec",
 "bytecheck",
 "bytes",
 "hashbrown 0.12.3",
 "ptr_meta",
 "rend",
 "rkyv_derive",
 "seahash",
 "tinyvec",
 "uuid",
]

[[package]]
name = "rkyv_derive"
version = "0.7.45"
source = "registry+https://github.com/rust-lang/crates.io-index"
checksum = "503d1d27590a2b0a3a4ca4c94755aa2875657196ecbf401a42eff41d7de532c0"
dependencies = [
 "proc-macro2",
 "quote",
 "syn 1.0.109",
]

[[package]]
name = "rustc-hash"
version = "2.1.1"
source = "registry+https://github.com/rust-lang/crates.io-index"
checksum = "357703d41365b4b27c590e3ed91eabb1b663f07c4c084095e60cbed4362dff0d"

[[package]]
name = "rustversion"
version = "1.0.20"
source = "registry+https://github.com/rust-lang/crates.io-index"
checksum = "eded382c5f5f786b989652c49544c4877d9f015cc22e145a5ea8ea66c2921cd2"

[[package]]
name = "ryu"
version = "1.0.20"
source = "registry+https://github.com/rust-lang/crates.io-index"
checksum = "28d3b2b1366ec20994f1fd18c3c594f05c5dd4bc44d8bb0c1c632c8d6829481f"

[[package]]
name = "ryu-js"
version = "1.0.2"
source = "registry+https://github.com/rust-lang/crates.io-index"
checksum = "dd29631678d6fb0903b69223673e122c32e9ae559d0960a38d574695ebc0ea15"

[[package]]
name = "scopeguard"
version = "1.2.0"
source = "registry+https://github.com/rust-lang/crates.io-index"
checksum = "94143f37725109f92c262ed2cf5e59bce7498c01bcc1502d7b9afe439a4e9f49"

[[package]]
name = "seahash"
version = "4.1.0"
source = "registry+https://github.com/rust-lang/crates.io-index"
checksum = "1c107b6f4780854c8b126e228ea8869f4d7b71260f962fefb57b996b8959ba6b"

[[package]]
name = "self_cell"
version = "1.2.0"
source = "registry+https://github.com/rust-lang/crates.io-index"
checksum = "0f7d95a54511e0c7be3f51e8867aa8cf35148d7b9445d44de2f943e2b206e749"

[[package]]
name = "seq-macro"
version = "0.3.6"
source = "registry+https://github.com/rust-lang/crates.io-index"
checksum = "1bc711410fbe7399f390ca1c3b60ad0f53f80e95c5eb935e52268a0e2cd49acc"

[[package]]
name = "serde"
version = "1.0.219"
source = "registry+https://github.com/rust-lang/crates.io-index"
checksum = "5f0e2c6ed6606019b4e29e69dbaba95b11854410e5347d525002456dbbb786b6"
dependencies = [
 "serde_derive",
]

[[package]]
name = "serde_derive"
version = "1.0.219"
source = "registry+https://github.com/rust-lang/crates.io-index"
checksum = "5b0276cf7f2c73365f7157c8123c21cd9a50fbbd844757af28ca1f5925fc2a00"
dependencies = [
 "proc-macro2",
 "quote",
 "syn 2.0.100",
]

[[package]]
name = "serde_json"
version = "1.0.140"
source = "registry+https://github.com/rust-lang/crates.io-index"
checksum = "20068b6e96dc6c9bd23e01df8827e6c7e1f2fddd43c21810382803c136b99373"
dependencies = [
 "itoa",
 "memchr",
 "ryu",
 "serde",
]

[[package]]
name = "simd-abstraction"
version = "0.7.1"
source = "registry+https://github.com/rust-lang/crates.io-index"
checksum = "9cadb29c57caadc51ff8346233b5cec1d240b68ce55cf1afc764818791876987"
dependencies = [
 "outref 0.1.0",
]

[[package]]
name = "simdutf8"
version = "0.1.5"
source = "registry+https://github.com/rust-lang/crates.io-index"
checksum = "e3a9fe34e3e7a50316060351f37187a3f546bce95496156754b601a5fa71b76e"

[[package]]
name = "simple-minify-html"
version = "0.17.1"
dependencies = [
 "aho-corasick",
 "itertools 0.14.0",
 "lightningcss",
 "memchr",
 "oxc_allocator",
 "oxc_codegen",
 "oxc_mangler",
 "oxc_minifier",
 "oxc_parser",
 "oxc_span",
 "rustc-hash",
 "serde",
 "serde_json",
]

[[package]]
name = "siphasher"
version = "1.0.1"
source = "registry+https://github.com/rust-lang/crates.io-index"
checksum = "56199f7ddabf13fe5074ce809e7d3f42b42ae711800501b5b16ea82ad029c39d"

[[package]]
name = "smallvec"
version = "1.14.0"
source = "registry+https://github.com/rust-lang/crates.io-index"
checksum = "7fcf8323ef1faaee30a44a340193b1ac6814fd9b7b4e88e9d4519a3e4abe1cfd"

[[package]]
name = "smawk"
version = "0.3.2"
source = "registry+https://github.com/rust-lang/crates.io-index"
checksum = "b7c388c1b5e93756d0c740965c41e8822f866621d41acbdf6336a6a168f8840c"

[[package]]
name = "static_assertions"
version = "1.1.0"
source = "registry+https://github.com/rust-lang/crates.io-index"
checksum = "a2eb9349b6444b326872e140eb1cf5e7c522154d69e7a0ffb0fb81c06b37543f"

[[package]]
name = "syn"
version = "1.0.109"
source = "registry+https://github.com/rust-lang/crates.io-index"
checksum = "72b64191b275b66ffe2469e8af2c1cfe3bafa67b529ead792a6d0160888b4237"
dependencies = [
 "proc-macro2",
 "quote",
 "unicode-ident",
]

[[package]]
name = "syn"
version = "2.0.100"
source = "registry+https://github.com/rust-lang/crates.io-index"
checksum = "b09a44accad81e1ba1cd74a32461ba89dee89095ba17b32f5d03683b1b1fc2a0"
dependencies = [
 "proc-macro2",
 "quote",
 "unicode-ident",
]

[[package]]
name = "tap"
version = "1.0.1"
source = "registry+https://github.com/rust-lang/crates.io-index"
checksum = "55937e1799185b12863d447f42597ed69d9928686b8d88a1df17376a097d8369"

[[package]]
name = "textwrap"
version = "0.16.2"
source = "registry+https://github.com/rust-lang/crates.io-index"
checksum = "c13547615a44dc9c452a8a534638acdf07120d4b6847c8178705da06306a3057"
dependencies = [
 "smawk",
 "unicode-linebreak",
 "unicode-width",
]

[[package]]
name = "thiserror"
version = "2.0.12"
source = "registry+https://github.com/rust-lang/crates.io-index"
checksum = "567b8a2dae586314f7be2a752ec7474332959c6460e02bde30d702a66d488708"
dependencies = [
 "thiserror-impl",
]

[[package]]
name = "thiserror-impl"
version = "2.0.12"
source = "registry+https://github.com/rust-lang/crates.io-index"
checksum = "7f7cf42b4507d8ea322120659672cf1b9dbb93f8f2d4ecfd6e51350ff5b17a1d"
dependencies = [
 "proc-macro2",
 "quote",
 "syn 2.0.100",
]

[[package]]
name = "tinyvec"
version = "1.9.0"
source = "registry+https://github.com/rust-lang/crates.io-index"
checksum = "09b3661f17e86524eccd4371ab0429194e0d7c008abb45f7a7495b1719463c71"
dependencies = [
 "tinyvec_macros",
]

[[package]]
name = "tinyvec_macros"
version = "0.1.1"
source = "registry+https://github.com/rust-lang/crates.io-index"
checksum = "1f3ccbac311fea05f86f61904b462b55fb3df8837a366dfc601a0161d0532f20"

[[package]]
name = "unicode-id-start"
version = "1.3.1"
source = "registry+https://github.com/rust-lang/crates.io-index"
checksum = "2f322b60f6b9736017344fa0635d64be2f458fbc04eef65f6be22976dd1ffd5b"

[[package]]
name = "unicode-ident"
version = "1.0.18"
source = "registry+https://github.com/rust-lang/crates.io-index"
checksum = "5a5f39404a5da50712a4c1eecf25e90dd62b613502b7e925fd4e4d19b5c96512"

[[package]]
name = "unicode-linebreak"
version = "0.1.5"
source = "registry+https://github.com/rust-lang/crates.io-index"
checksum = "3b09c83c3c29d37506a3e260c08c03743a6bb66a9cd432c6934ab501a190571f"

[[package]]
name = "unicode-segmentation"
version = "1.12.0"
source = "registry+https://github.com/rust-lang/crates.io-index"
checksum = "f6ccf251212114b54433ec949fd6a7841275f9ada20dddd2f29e9ceea4501493"

[[package]]
name = "unicode-width"
version = "0.2.0"
source = "registry+https://github.com/rust-lang/crates.io-index"
checksum = "1fc81956842c57dac11422a97c3b8195a1ff727f06e85c84ed2e8aa277c9a0fd"

[[package]]
name = "uuid"
version = "1.16.0"
source = "registry+https://github.com/rust-lang/crates.io-index"
checksum = "458f7a779bf54acc9f347480ac654f68407d3aab21269a6e3c9f922acd9e2da9"

[[package]]
name = "version_check"
version = "0.9.5"
source = "registry+https://github.com/rust-lang/crates.io-index"
checksum = "0b928f33d975fc6ad9f86c8f283853ad26bdd5b10b7f1542aa2fa15e2289105a"

[[package]]
name = "vlq"
version = "0.5.1"
source = "registry+https://github.com/rust-lang/crates.io-index"
checksum = "65dd7eed29412da847b0f78bcec0ac98588165988a8cfe41d4ea1d429f8ccfff"

[[package]]
name = "vsimd"
version = "0.8.0"
source = "registry+https://github.com/rust-lang/crates.io-index"
checksum = "5c3082ca00d5a5ef149bb8b555a72ae84c9c59f7250f013ac822ac2e49b19c64"

[[package]]
name = "wasi"
version = "0.11.0+wasi-snapshot-preview1"
source = "registry+https://github.com/rust-lang/crates.io-index"
checksum = "9c8d87e72b64a3b4db28d11ce29237c246188f4f51057d65a7eab63b7987e423"

[[package]]
name = "windows-targets"
version = "0.52.6"
source = "registry+https://github.com/rust-lang/crates.io-index"
checksum = "9b724f72796e036ab90c1021d4780d4d3d648aca59e491e6b98e725b84e99973"
dependencies = [
 "windows_aarch64_gnullvm",
 "windows_aarch64_msvc",
 "windows_i686_gnu",
 "windows_i686_gnullvm",
 "windows_i686_msvc",
 "windows_x86_64_gnu",
 "windows_x86_64_gnullvm",
 "windows_x86_64_msvc",
]

[[package]]
name = "windows_aarch64_gnullvm"
version = "0.52.6"
source = "registry+https://github.com/rust-lang/crates.io-index"
checksum = "32a4622180e7a0ec044bb555404c800bc9fd9ec262ec147edd5989ccd0c02cd3"

[[package]]
name = "windows_aarch64_msvc"
version = "0.52.6"
source = "registry+https://github.com/rust-lang/crates.io-index"
checksum = "09ec2a7bb152e2252b53fa7803150007879548bc709c039df7627cabbd05d469"

[[package]]
name = "windows_i686_gnu"
version = "0.52.6"
source = "registry+https://github.com/rust-lang/crates.io-index"
checksum = "8e9b5ad5ab802e97eb8e295ac6720e509ee4c243f69d781394014ebfe8bbfa0b"

[[package]]
name = "windows_i686_gnullvm"
version = "0.52.6"
source = "registry+https://github.com/rust-lang/crates.io-index"
checksum = "0eee52d38c090b3caa76c563b86c3a4bd71ef1a819287c19d586d7334ae8ed66"

[[package]]
name = "windows_i686_msvc"
version = "0.52.6"
source = "registry+https://github.com/rust-lang/crates.io-index"
checksum = "240948bc05c5e7c6dabba28bf89d89ffce3e303022809e73deaefe4f6ec56c66"

[[package]]
name = "windows_x86_64_gnu"
version = "0.52.6"
source = "registry+https://github.com/rust-lang/crates.io-index"
checksum = "147a5c80aabfbf0c7d901cb5895d1de30ef2907eb21fbbab29ca94c5b08b1a78"

[[package]]
name = "windows_x86_64_gnullvm"
version = "0.52.6"
source = "registry+https://github.com/rust-lang/crates.io-index"
checksum = "24d5b23dc417412679681396f2b49f3de8c1473deb516bd34410872eff51ed0d"

[[package]]
name = "windows_x86_64_msvc"
version = "0.52.6"
source = "registry+https://github.com/rust-lang/crates.io-index"
checksum = "589f6da84c646204747d1270a2a5661ea66ed1cced2631d546fdfb155959f9ec"

[[package]]
name = "wyz"
version = "0.5.1"
source = "registry+https://github.com/rust-lang/crates.io-index"
checksum = "05f360fc0b24296329c78fda852a1e9ae82de9cf7b27dae4b7f62f118f77b9ed"
dependencies = [
 "tap",
]

[[package]]
name = "zerocopy"
version = "0.7.35"
source = "registry+https://github.com/rust-lang/crates.io-index"
checksum = "1b9b4fd18abc82b8136838da5d50bae7bdea537c574d8dc1a34ed098d6c166f0"
dependencies = [
 "zerocopy-derive",
]

[[package]]
name = "zerocopy-derive"
version = "0.7.35"
source = "registry+https://github.com/rust-lang/crates.io-index"
checksum = "fa4f8080344d4671fb4e831a13ad1e68092748387dfc4f55e356242fae12ce3e"
dependencies = [
 "proc-macro2",
 "quote",
 "syn 2.0.100",
]
